
Microsoft Visual Studio Solution File, Format Version 12.00
# Visual Studio 15
VisualStudioVersion = 15.0.27130.2036
MinimumVisualStudioVersion = 10.0.40219.1
Project("{9A19103F-16F7-4668-BE54-9A1E7A4F7556}") = "BikeInventory1", "BikeInventory1\BikeInventory1.csproj", "{C5649101-3F79-4FD8-A39A-A506C44B031A}"
EndProject
Global
	GlobalSection(SolutionConfigurationPlatforms) = preSolution
		Debug|Any CPU = Debug|Any CPU
		Release|Any CPU = Release|Any CPU
	EndGlobalSection
	GlobalSection(ProjectConfigurationPlatforms) = postSolution
		{C5649101-3F79-4FD8-A39A-A506C44B031A}.Debug|Any CPU.ActiveCfg = Debug|Any CPU
		{C5649101-3F79-4FD8-A39A-A506C44B031A}.Debug|Any CPU.Build.0 = Debug|Any CPU
		{C5649101-3F79-4FD8-A39A-A506C44B031A}.Release|Any CPU.ActiveCfg = Release|Any CPU
		{C5649101-3F79-4FD8-A39A-A506C44B031A}.Release|Any CPU.Build.0 = Release|Any CPU
	EndGlobalSection
	GlobalSection(SolutionProperties) = preSolution
		HideSolutionNode = FALSE
	EndGlobalSection
	GlobalSection(ExtensibilityGlobals) = postSolution
		SolutionGuid = {606DAD1F-9A6E-4C19-9EA4-01EAB013FFBC}
	EndGlobalSection
EndGlobal
